
Microsoft Visual Studio Solution File, Format Version 12.00
# Visual Studio Version 17
VisualStudioVersion = 17.1.32407.343
MinimumVisualStudioVersion = 10.0.40219.1
Project("{FAE04EC0-301F-11D3-BF4B-00C04F79EFBC}") = "form_task1", "form_task1\form_task1.csproj", "{B485FEE2-7655-4D51-8173-9BAAF134F248}"
EndProject
Global
	GlobalSection(SolutionConfigurationPlatforms) = preSolution
		Debug|Any CPU = Debug|Any CPU
		Release|Any CPU = Release|Any CPU
	EndGlobalSection
	GlobalSection(ProjectConfigurationPlatforms) = postSolution
		{B485FEE2-7655-4D51-8173-9BAAF134F248}.Debug|Any CPU.ActiveCfg = Debug|Any CPU
		{B485FEE2-7655-4D51-8173-9BAAF134F248}.Debug|Any CPU.Build.0 = Debug|Any CPU
		{B485FEE2-7655-4D51-8173-9BAAF134F248}.Release|Any CPU.ActiveCfg = Release|Any CPU
		{B485FEE2-7655-4D51-8173-9BAAF134F248}.Release|Any CPU.Build.0 = Release|Any CPU
	EndGlobalSection
	GlobalSection(SolutionProperties) = preSolution
		HideSolutionNode = FALSE
	EndGlobalSection
	GlobalSection(ExtensibilityGlobals) = postSolution
		SolutionGuid = {11FBB59B-138E-4D82-AEAE-D1CB4C921A70}
	EndGlobalSection
EndGlobal
